
Microsoft Visual Studio Solution File, Format Version 12.00
# Visual Studio 14
VisualStudioVersion = 14.0.24720.0
MinimumVisualStudioVersion = 10.0.40219.1
Project("{E24C65DC-7377-472B-9ABA-BC803B73C61A}") = "Contact-a-Developer", "..\..\..\..\Desktop\Web Dev II\Project\Contact-a-Developer\", "{B717C4CC-FDBC-4E8C-B7C1-2347592A8C09}"
	ProjectSection(WebsiteProperties) = preProject
		TargetFrameworkMoniker = ".NETFramework,Version%3Dv4.5"
		Debug.AspNetCompiler.VirtualPath = "/localhost_50630"
		Debug.AspNetCompiler.PhysicalPath = "..\..\..\..\Desktop\Web Dev II\Project\Contact-a-Developer\"
		Debug.AspNetCompiler.TargetPath = "PrecompiledWeb\localhost_50630\"
		Debug.AspNetCompiler.Updateable = "true"
		Debug.AspNetCompiler.ForceOverwrite = "true"
		Debug.AspNetCompiler.FixedNames = "false"
		Debug.AspNetCompiler.Debug = "True"
		Release.AspNetCompiler.VirtualPath = "/localhost_50630"
		Release.AspNetCompiler.PhysicalPath = "..\..\..\..\Desktop\Web Dev II\Project\Contact-a-Developer\"
		Release.AspNetCompiler.TargetPath = "PrecompiledWeb\localhost_50630\"
		Release.AspNetCompiler.Updateable = "true"
		Release.AspNetCompiler.ForceOverwrite = "true"
		Release.AspNetCompiler.FixedNames = "false"
		Release.AspNetCompiler.Debug = "False"
		VWDPort = "50630"
		SlnRelativePath = "..\..\..\..\Desktop\Web Dev II\Project\Contact-a-Developer\"
		DefaultWebSiteLanguage = "Visual C#"
	EndProjectSection
EndProject
Global
	GlobalSection(SolutionConfigurationPlatforms) = preSolution
		Debug|Any CPU = Debug|Any CPU
	EndGlobalSection
	GlobalSection(ProjectConfigurationPlatforms) = postSolution
		{B717C4CC-FDBC-4E8C-B7C1-2347592A8C09}.Debug|Any CPU.ActiveCfg = Debug|Any CPU
		{B717C4CC-FDBC-4E8C-B7C1-2347592A8C09}.Debug|Any CPU.Build.0 = Debug|Any CPU
	EndGlobalSection
	GlobalSection(SolutionProperties) = preSolution
		HideSolutionNode = FALSE
	EndGlobalSection
EndGlobal
